// !$*UTF8*$!
{
	archiveVersion = 1;
	classes = {
	};
	objectVersion = 46;
	objects = {

/* Begin PBXBuildFile section */
		77C8403DAA981834017C76EC /* Pods_My_Schedule.framework in Frameworks */ = {isa = PBXBuildFile; fileRef = 9CD8E2D283D636E8CE0D83F4 /* Pods_My_Schedule.framework */; };
		7B96A72488479A4B27396EB2 /* Pods_iUOB_2.framework in Frameworks */ = {isa = PBXBuildFile; fileRef = 4C257CCA8BEF3DC66552150C /* Pods_iUOB_2.framework */; };
		D70162C51D88AF7D0005CBB3 /* AboutVC.swift in Sources */ = {isa = PBXBuildFile; fileRef = D70162C41D88AF7D0005CBB3 /* AboutVC.swift */; };
		D708F1411D5BE37F00C6E7B3 /* TimingVC.swift in Sources */ = {isa = PBXBuildFile; fileRef = D708F1401D5BE37F00C6E7B3 /* TimingVC.swift */; };
		D70D15AE1D899D7B00425B17 /* UOBLocations.plist in Resources */ = {isa = PBXBuildFile; fileRef = D70D15AD1D899D7B00425B17 /* UOBLocations.plist */; };
		D71DB1AF1D5A716500311999 /* Department.swift in Sources */ = {isa = PBXBuildFile; fileRef = D71DB1AE1D5A716500311999 /* Department.swift */; };
		D71DB1B21D5A87B400311999 /* CoursesVC.swift in Sources */ = {isa = PBXBuildFile; fileRef = D71DB1B11D5A87B400311999 /* CoursesVC.swift */; };
		D71DB1B41D5A8A8700311999 /* Course.swift in Sources */ = {isa = PBXBuildFile; fileRef = D71DB1B31D5A8A8700311999 /* Course.swift */; };
		D71DB1B61D5A8D4200311999 /* UOBParser.swift in Sources */ = {isa = PBXBuildFile; fileRef = D71DB1B51D5A8D4200311999 /* UOBParser.swift */; };
		D72096781D57E3C100563AFC /* AppDelegate.swift in Sources */ = {isa = PBXBuildFile; fileRef = D72096771D57E3C100563AFC /* AppDelegate.swift */; };
		D720967D1D57E3C100563AFC /* Main.storyboard in Resources */ = {isa = PBXBuildFile; fileRef = D720967B1D57E3C100563AFC /* Main.storyboard */; };
		D720967F1D57E3C100563AFC /* Assets.xcassets in Resources */ = {isa = PBXBuildFile; fileRef = D720967E1D57E3C100563AFC /* Assets.xcassets */; };
		D72096821D57E3C100563AFC /* LaunchScreen.storyboard in Resources */ = {isa = PBXBuildFile; fileRef = D72096801D57E3C100563AFC /* LaunchScreen.storyboard */; };
		D73154441E2BF5E100080E02 /* OptionsListVC.swift in Sources */ = {isa = PBXBuildFile; fileRef = D73154431E2BF5E100080E02 /* OptionsListVC.swift */; };
		D73154481E2C094D00080E02 /* BuilderOptionCell.swift in Sources */ = {isa = PBXBuildFile; fileRef = D73154471E2C094D00080E02 /* BuilderOptionCell.swift */; };
		D731544A1E2C225900080E02 /* BuilderTimeTableVC.swift in Sources */ = {isa = PBXBuildFile; fileRef = D73154491E2C225900080E02 /* BuilderTimeTableVC.swift */; };
		D74920461D6008CF00B2B14D /* UOBAutoVC.swift in Sources */ = {isa = PBXBuildFile; fileRef = D74920451D6008CF00B2B14D /* UOBAutoVC.swift */; };
		D74B1A1E1D5DD32A00D097EF /* Section.swift in Sources */ = {isa = PBXBuildFile; fileRef = D74B1A1D1D5DD32A00D097EF /* Section.swift */; };
		D74B1A261D5E7C9B00D097EF /* TiimingCell.swift in Sources */ = {isa = PBXBuildFile; fileRef = D74B1A251D5E7C9B00D097EF /* TiimingCell.swift */; };
		D75885781DB19160003F2C47 /* NotificationCenter.framework in Frameworks */ = {isa = PBXBuildFile; fileRef = D75885771DB19160003F2C47 /* NotificationCenter.framework */; };
		D758857B1DB19160003F2C47 /* TodayViewController.swift in Sources */ = {isa = PBXBuildFile; fileRef = D758857A1DB19160003F2C47 /* TodayViewController.swift */; };
		D758857E1DB19160003F2C47 /* MainInterface.storyboard in Resources */ = {isa = PBXBuildFile; fileRef = D758857C1DB19160003F2C47 /* MainInterface.storyboard */; };
		D75885821DB19160003F2C47 /* My Schedule.appex in Embed App Extensions */ = {isa = PBXBuildFile; fileRef = D75885761DB19160003F2C47 /* My Schedule.appex */; settings = {ATTRIBUTES = (RemoveHeadersOnCopy, ); }; };
		D75885891DB1AD40003F2C47 /* IUOBConstants.swift in Sources */ = {isa = PBXBuildFile; fileRef = D7A4CC941D875CF6006EA495 /* IUOBConstants.swift */; };
		D758858A1DB1B0AB003F2C47 /* Section.swift in Sources */ = {isa = PBXBuildFile; fileRef = D74B1A1D1D5DD32A00D097EF /* Section.swift */; };
		D758858D1DB1B44B003F2C47 /* UOBParser.swift in Sources */ = {isa = PBXBuildFile; fileRef = D71DB1B51D5A8D4200311999 /* UOBParser.swift */; };
		D758858E1DB1B550003F2C47 /* Department.swift in Sources */ = {isa = PBXBuildFile; fileRef = D71DB1AE1D5A716500311999 /* Department.swift */; };
		D758858F1DB1B554003F2C47 /* Course.swift in Sources */ = {isa = PBXBuildFile; fileRef = D71DB1B31D5A8A8700311999 /* Course.swift */; };
		D764C0CD1D99B4E6008B8C38 /* MyScheduleVC.swift in Sources */ = {isa = PBXBuildFile; fileRef = D764C0CC1D99B4E6008B8C38 /* MyScheduleVC.swift */; };
		D764C0CF1D99B504008B8C38 /* AddCoursesVC.swift in Sources */ = {isa = PBXBuildFile; fileRef = D764C0CE1D99B504008B8C38 /* AddCoursesVC.swift */; };
		D76D1D381DAAE5CE0072FCC8 /* CourseCVCell.swift in Sources */ = {isa = PBXBuildFile; fileRef = D76D1D371DAAE5CE0072FCC8 /* CourseCVCell.swift */; };
		D76D54711D591CEA002FFA65 /* CustomSideMenuController.swift in Sources */ = {isa = PBXBuildFile; fileRef = D76D54701D591CEA002FFA65 /* CustomSideMenuController.swift */; };
		D76D54741D592125002FFA65 /* DepartmentsVC.swift in Sources */ = {isa = PBXBuildFile; fileRef = D76D54731D592125002FFA65 /* DepartmentsVC.swift */; };
		D76D54771D592288002FFA65 /* MenuController.swift in Sources */ = {isa = PBXBuildFile; fileRef = D76D54761D592288002FFA65 /* MenuController.swift */; };
		D79821751E07241400036B6F /* SectionsFilterVC.swift in Sources */ = {isa = PBXBuildFile; fileRef = D79821741E07241400036B6F /* SectionsFilterVC.swift */; };
		D79821771E07474100036B6F /* SummaryVC.swift in Sources */ = {isa = PBXBuildFile; fileRef = D79821761E07474100036B6F /* SummaryVC.swift */; };
		D7A4CC931D87568C006EA495 /* ScheduleBuilderVC.swift in Sources */ = {isa = PBXBuildFile; fileRef = D7A4CC921D87568C006EA495 /* ScheduleBuilderVC.swift */; };
		D7A4CC951D875CF6006EA495 /* IUOBConstants.swift in Sources */ = {isa = PBXBuildFile; fileRef = D7A4CC941D875CF6006EA495 /* IUOBConstants.swift */; };
		D7A4CC971D8769E8006EA495 /* MapVC.swift in Sources */ = {isa = PBXBuildFile; fileRef = D7A4CC961D8769E8006EA495 /* MapVC.swift */; };
		D7A4CC9B1D876A32006EA495 /* UsefulLinksVC.swift in Sources */ = {isa = PBXBuildFile; fileRef = D7A4CC9A1D876A32006EA495 /* UsefulLinksVC.swift */; };
		D7A9C0421DAC06940089021E /* CoursesCVHeader.swift in Sources */ = {isa = PBXBuildFile; fileRef = D7A9C0411DAC06940089021E /* CoursesCVHeader.swift */; };
		D7B293431EB3BEC5006A48EF /* Config.swift in Sources */ = {isa = PBXBuildFile; fileRef = D7B293421EB3BEC5006A48EF /* Config.swift */; };
		D7B892131E2D5B560085E10D /* ScheduleDetailsVC.swift in Sources */ = {isa = PBXBuildFile; fileRef = D7B892121E2D5B560085E10D /* ScheduleDetailsVC.swift */; };
		D7D473831E04644800B42BEE /* Autocomplete.storyboard in Resources */ = {isa = PBXBuildFile; fileRef = D7D4737A1E04644800B42BEE /* Autocomplete.storyboard */; };
		D7D473841E04644800B42BEE /* Autocomplete.swift in Sources */ = {isa = PBXBuildFile; fileRef = D7D4737B1E04644800B42BEE /* Autocomplete.swift */; };
		D7D473851E04644800B42BEE /* AutoCompleteCell.swift in Sources */ = {isa = PBXBuildFile; fileRef = D7D4737C1E04644800B42BEE /* AutoCompleteCell.swift */; };
		D7D473861E04644800B42BEE /* AutocompleteCellData.swift in Sources */ = {isa = PBXBuildFile; fileRef = D7D4737D1E04644800B42BEE /* AutocompleteCellData.swift */; };
		D7D473871E04644800B42BEE /* AutocompleteDelegate.swift in Sources */ = {isa = PBXBuildFile; fileRef = D7D4737E1E04644800B42BEE /* AutocompleteDelegate.swift */; };
		D7D473881E04644800B42BEE /* AutoCompleteViewController.swift in Sources */ = {isa = PBXBuildFile; fileRef = D7D4737F1E04644800B42BEE /* AutoCompleteViewController.swift */; };
		D7D473891E04644800B42BEE /* DefaultAutoCompleteCell.xib in Resources */ = {isa = PBXBuildFile; fileRef = D7D473801E04644800B42BEE /* DefaultAutoCompleteCell.xib */; };
		D7D4738A1E04644800B42BEE /* TableViewDatasource.swift in Sources */ = {isa = PBXBuildFile; fileRef = D7D473811E04644800B42BEE /* TableViewDatasource.swift */; };
		D7D4738B1E04644800B42BEE /* TableViewDelegate.swift in Sources */ = {isa = PBXBuildFile; fileRef = D7D473821E04644800B42BEE /* TableViewDelegate.swift */; };
		D7D4738D1E04938800B42BEE /* OptionsVC.swift in Sources */ = {isa = PBXBuildFile; fileRef = D7D4738C1E04938800B42BEE /* OptionsVC.swift */; };
		D7D5FD601D5FC84B00DF9A7B /* GoogleService-Info.plist in Resources */ = {isa = PBXBuildFile; fileRef = D7D5FD5F1D5FC84B00DF9A7B /* GoogleService-Info.plist */; };
/* End PBXBuildFile section */

/* Begin PBXContainerItemProxy section */
		D75885801DB19160003F2C47 /* PBXContainerItemProxy */ = {
			isa = PBXContainerItemProxy;
			containerPortal = D720966C1D57E3C100563AFC /* Project object */;
			proxyType = 1;
			remoteGlobalIDString = D75885751DB19160003F2C47;
			remoteInfo = "My Schedule";
		};
/* End PBXContainerItemProxy section */

/* Begin PBXCopyFilesBuildPhase section */
		D75885861DB19160003F2C47 /* Embed App Extensions */ = {
			isa = PBXCopyFilesBuildPhase;
			buildActionMask = 2147483647;
			dstPath = "";
			dstSubfolderSpec = 13;
			files = (
				D75885821DB19160003F2C47 /* My Schedule.appex in Embed App Extensions */,
			);
			name = "Embed App Extensions";
			runOnlyForDeploymentPostprocessing = 0;
		};
/* End PBXCopyFilesBuildPhase section */

/* Begin PBXFileReference section */
		030C908AF6533A51DAD56D19 /* Pods-My Schedule.release.xcconfig */ = {isa = PBXFileReference; includeInIndex = 1; lastKnownFileType = text.xcconfig; name = "Pods-My Schedule.release.xcconfig"; path = "Pods/Target Support Files/Pods-My Schedule/Pods-My Schedule.release.xcconfig"; sourceTree = "<group>"; };
		4C257CCA8BEF3DC66552150C /* Pods_iUOB_2.framework */ = {isa = PBXFileReference; explicitFileType = wrapper.framework; includeInIndex = 0; path = Pods_iUOB_2.framework; sourceTree = BUILT_PRODUCTS_DIR; };
		6C212996D3F5EA0EA322700A /* Pods-iUOB 2.release.xcconfig */ = {isa = PBXFileReference; includeInIndex = 1; lastKnownFileType = text.xcconfig; name = "Pods-iUOB 2.release.xcconfig"; path = "Pods/Target Support Files/Pods-iUOB 2/Pods-iUOB 2.release.xcconfig"; sourceTree = "<group>"; };
		9CD8E2D283D636E8CE0D83F4 /* Pods_My_Schedule.framework */ = {isa = PBXFileReference; explicitFileType = wrapper.framework; includeInIndex = 0; path = Pods_My_Schedule.framework; sourceTree = BUILT_PRODUCTS_DIR; };
		9E1BFE963C52B468A2EE88A5 /* Pods-iUOB 2.debug.xcconfig */ = {isa = PBXFileReference; includeInIndex = 1; lastKnownFileType = text.xcconfig; name = "Pods-iUOB 2.debug.xcconfig"; path = "Pods/Target Support Files/Pods-iUOB 2/Pods-iUOB 2.debug.xcconfig"; sourceTree = "<group>"; };
		B12E5FA83F9958CE9BF0027C /* Pods-My Schedule.debug.xcconfig */ = {isa = PBXFileReference; includeInIndex = 1; lastKnownFileType = text.xcconfig; name = "Pods-My Schedule.debug.xcconfig"; path = "Pods/Target Support Files/Pods-My Schedule/Pods-My Schedule.debug.xcconfig"; sourceTree = "<group>"; };
		D70162C41D88AF7D0005CBB3 /* AboutVC.swift */ = {isa = PBXFileReference; fileEncoding = 4; lastKnownFileType = sourcecode.swift; name = AboutVC.swift; path = Controllers/AboutVC.swift; sourceTree = "<group>"; };
		D708F1401D5BE37F00C6E7B3 /* TimingVC.swift */ = {isa = PBXFileReference; fileEncoding = 4; lastKnownFileType = sourcecode.swift; name = TimingVC.swift; path = Controllers/TimingVC.swift; sourceTree = "<group>"; };
		D70D15AD1D899D7B00425B17 /* UOBLocations.plist */ = {isa = PBXFileReference; fileEncoding = 4; lastKnownFileType = text.plist.xml; path = UOBLocations.plist; sourceTree = "<group>"; };
		D71DB1AE1D5A716500311999 /* Department.swift */ = {isa = PBXFileReference; fileEncoding = 4; lastKnownFileType = sourcecode.swift; name = Department.swift; path = Models/Department.swift; sourceTree = "<group>"; };
		D71DB1B11D5A87B400311999 /* CoursesVC.swift */ = {isa = PBXFileReference; fileEncoding = 4; lastKnownFileType = sourcecode.swift; name = CoursesVC.swift; path = Controllers/CoursesVC.swift; sourceTree = "<group>"; };
		D71DB1B31D5A8A8700311999 /* Course.swift */ = {isa = PBXFileReference; fileEncoding = 4; lastKnownFileType = sourcecode.swift; name = Course.swift; path = Models/Course.swift; sourceTree = "<group>"; };
		D71DB1B51D5A8D4200311999 /* UOBParser.swift */ = {isa = PBXFileReference; fileEncoding = 4; lastKnownFileType = sourcecode.swift; name = UOBParser.swift; path = Models/UOBParser.swift; sourceTree = "<group>"; };
		D72096741D57E3C100563AFC /* iUOB 2.app */ = {isa = PBXFileReference; explicitFileType = wrapper.application; includeInIndex = 0; path = "iUOB 2.app"; sourceTree = BUILT_PRODUCTS_DIR; };
		D72096771D57E3C100563AFC /* AppDelegate.swift */ = {isa = PBXFileReference; lastKnownFileType = sourcecode.swift; path = AppDelegate.swift; sourceTree = "<group>"; };
		D720967C1D57E3C100563AFC /* Base */ = {isa = PBXFileReference; lastKnownFileType = file.storyboard; name = Base; path = Base.lproj/Main.storyboard; sourceTree = "<group>"; };
		D720967E1D57E3C100563AFC /* Assets.xcassets */ = {isa = PBXFileReference; lastKnownFileType = folder.assetcatalog; path = Assets.xcassets; sourceTree = "<group>"; };
		D72096811D57E3C100563AFC /* Base */ = {isa = PBXFileReference; lastKnownFileType = file.storyboard; name = Base; path = Base.lproj/LaunchScreen.storyboard; sourceTree = "<group>"; };
		D72096831D57E3C100563AFC /* Info.plist */ = {isa = PBXFileReference; lastKnownFileType = text.plist.xml; path = Info.plist; sourceTree = "<group>"; };
		D73154431E2BF5E100080E02 /* OptionsListVC.swift */ = {isa = PBXFileReference; fileEncoding = 4; lastKnownFileType = sourcecode.swift; path = OptionsListVC.swift; sourceTree = "<group>"; };
		D73154471E2C094D00080E02 /* BuilderOptionCell.swift */ = {isa = PBXFileReference; fileEncoding = 4; lastKnownFileType = sourcecode.swift; name = BuilderOptionCell.swift; path = Views/BuilderOptionCell.swift; sourceTree = "<group>"; };
		D73154491E2C225900080E02 /* BuilderTimeTableVC.swift */ = {isa = PBXFileReference; fileEncoding = 4; lastKnownFileType = sourcecode.swift; path = BuilderTimeTableVC.swift; sourceTree = "<group>"; };
		D74920451D6008CF00B2B14D /* UOBAutoVC.swift */ = {isa = PBXFileReference; fileEncoding = 4; lastKnownFileType = sourcecode.swift; name = UOBAutoVC.swift; path = Controllers/UOBAutoVC.swift; sourceTree = "<group>"; };
		D74B1A1D1D5DD32A00D097EF /* Section.swift */ = {isa = PBXFileReference; fileEncoding = 4; lastKnownFileType = sourcecode.swift; name = Section.swift; path = Models/Section.swift; sourceTree = "<group>"; };
		D74B1A251D5E7C9B00D097EF /* TiimingCell.swift */ = {isa = PBXFileReference; fileEncoding = 4; lastKnownFileType = sourcecode.swift; name = TiimingCell.swift; path = Views/TiimingCell.swift; sourceTree = "<group>"; };
		D75885761DB19160003F2C47 /* My Schedule.appex */ = {isa = PBXFileReference; explicitFileType = "wrapper.app-extension"; includeInIndex = 0; path = "My Schedule.appex"; sourceTree = BUILT_PRODUCTS_DIR; };
		D75885771DB19160003F2C47 /* NotificationCenter.framework */ = {isa = PBXFileReference; lastKnownFileType = wrapper.framework; name = NotificationCenter.framework; path = System/Library/Frameworks/NotificationCenter.framework; sourceTree = SDKROOT; };
		D758857A1DB19160003F2C47 /* TodayViewController.swift */ = {isa = PBXFileReference; lastKnownFileType = sourcecode.swift; path = TodayViewController.swift; sourceTree = "<group>"; };
		D758857D1DB19160003F2C47 /* Base */ = {isa = PBXFileReference; lastKnownFileType = file.storyboard; name = Base; path = Base.lproj/MainInterface.storyboard; sourceTree = "<group>"; };
		D758857F1DB19160003F2C47 /* Info.plist */ = {isa = PBXFileReference; lastKnownFileType = text.plist.xml; path = Info.plist; sourceTree = "<group>"; };
		D75885871DB1A846003F2C47 /* iUOB 2.entitlements */ = {isa = PBXFileReference; lastKnownFileType = text.plist.entitlements; path = "iUOB 2.entitlements"; sourceTree = "<group>"; };
		D75885881DB1A890003F2C47 /* My Schedule.entitlements */ = {isa = PBXFileReference; lastKnownFileType = text.plist.entitlements; path = "My Schedule.entitlements"; sourceTree = "<group>"; };
		D764C0CC1D99B4E6008B8C38 /* MyScheduleVC.swift */ = {isa = PBXFileReference; fileEncoding = 4; lastKnownFileType = sourcecode.swift; name = MyScheduleVC.swift; path = Controllers/MyScheduleVC.swift; sourceTree = "<group>"; };
		D764C0CE1D99B504008B8C38 /* AddCoursesVC.swift */ = {isa = PBXFileReference; fileEncoding = 4; lastKnownFileType = sourcecode.swift; name = AddCoursesVC.swift; path = Controllers/AddCoursesVC.swift; sourceTree = "<group>"; };
		D76D1D371DAAE5CE0072FCC8 /* CourseCVCell.swift */ = {isa = PBXFileReference; fileEncoding = 4; lastKnownFileType = sourcecode.swift; name = CourseCVCell.swift; path = Views/CourseCVCell.swift; sourceTree = "<group>"; };
		D76D54691D5907D1002FFA65 /* iUOB 2-Bridging-Header.h */ = {isa = PBXFileReference; lastKnownFileType = sourcecode.c.h; path = "iUOB 2-Bridging-Header.h"; sourceTree = "<group>"; };
		D76D54701D591CEA002FFA65 /* CustomSideMenuController.swift */ = {isa = PBXFileReference; fileEncoding = 4; lastKnownFileType = sourcecode.swift; name = CustomSideMenuController.swift; path = Navigation/CustomSideMenuController.swift; sourceTree = "<group>"; };
		D76D54731D592125002FFA65 /* DepartmentsVC.swift */ = {isa = PBXFileReference; fileEncoding = 4; lastKnownFileType = sourcecode.swift; name = DepartmentsVC.swift; path = Controllers/DepartmentsVC.swift; sourceTree = "<group>"; };
		D76D54761D592288002FFA65 /* MenuController.swift */ = {isa = PBXFileReference; fileEncoding = 4; lastKnownFileType = sourcecode.swift; path = MenuController.swift; sourceTree = "<group>"; };
		D79821741E07241400036B6F /* SectionsFilterVC.swift */ = {isa = PBXFileReference; fileEncoding = 4; lastKnownFileType = sourcecode.swift; path = SectionsFilterVC.swift; sourceTree = "<group>"; };
		D79821761E07474100036B6F /* SummaryVC.swift */ = {isa = PBXFileReference; fileEncoding = 4; lastKnownFileType = sourcecode.swift; path = SummaryVC.swift; sourceTree = "<group>"; };
		D7A4CC921D87568C006EA495 /* ScheduleBuilderVC.swift */ = {isa = PBXFileReference; fileEncoding = 4; lastKnownFileType = sourcecode.swift; path = ScheduleBuilderVC.swift; sourceTree = "<group>"; };
		D7A4CC941D875CF6006EA495 /* IUOBConstants.swift */ = {isa = PBXFileReference; fileEncoding = 4; lastKnownFileType = sourcecode.swift; name = IUOBConstants.swift; path = Models/IUOBConstants.swift; sourceTree = "<group>"; };
		D7A4CC961D8769E8006EA495 /* MapVC.swift */ = {isa = PBXFileReference; fileEncoding = 4; lastKnownFileType = sourcecode.swift; name = MapVC.swift; path = Controllers/MapVC.swift; sourceTree = "<group>"; };
		D7A4CC9A1D876A32006EA495 /* UsefulLinksVC.swift */ = {isa = PBXFileReference; fileEncoding = 4; lastKnownFileType = sourcecode.swift; name = UsefulLinksVC.swift; path = Controllers/UsefulLinksVC.swift; sourceTree = "<group>"; };
		D7A9C0411DAC06940089021E /* CoursesCVHeader.swift */ = {isa = PBXFileReference; fileEncoding = 4; lastKnownFileType = sourcecode.swift; name = CoursesCVHeader.swift; path = Views/CoursesCVHeader.swift; sourceTree = "<group>"; };
		D7B293421EB3BEC5006A48EF /* Config.swift */ = {isa = PBXFileReference; fileEncoding = 4; lastKnownFileType = sourcecode.swift; name = Config.swift; path = Models/Config.swift; sourceTree = "<group>"; };
		D7B892121E2D5B560085E10D /* ScheduleDetailsVC.swift */ = {isa = PBXFileReference; fileEncoding = 4; lastKnownFileType = sourcecode.swift; path = ScheduleDetailsVC.swift; sourceTree = "<group>"; };
		D7D4737A1E04644800B42BEE /* Autocomplete.storyboard */ = {isa = PBXFileReference; fileEncoding = 4; lastKnownFileType = file.storyboard; path = Autocomplete.storyboard; sourceTree = "<group>"; };
		D7D4737B1E04644800B42BEE /* Autocomplete.swift */ = {isa = PBXFileReference; fileEncoding = 4; lastKnownFileType = sourcecode.swift; path = Autocomplete.swift; sourceTree = "<group>"; };
		D7D4737C1E04644800B42BEE /* AutoCompleteCell.swift */ = {isa = PBXFileReference; fileEncoding = 4; lastKnownFileType = sourcecode.swift; path = AutoCompleteCell.swift; sourceTree = "<group>"; };
		D7D4737D1E04644800B42BEE /* AutocompleteCellData.swift */ = {isa = PBXFileReference; fileEncoding = 4; lastKnownFileType = sourcecode.swift; path = AutocompleteCellData.swift; sourceTree = "<group>"; };
		D7D4737E1E04644800B42BEE /* AutocompleteDelegate.swift */ = {isa = PBXFileReference; fileEncoding = 4; lastKnownFileType = sourcecode.swift; path = AutocompleteDelegate.swift; sourceTree = "<group>"; };
		D7D4737F1E04644800B42BEE /* AutoCompleteViewController.swift */ = {isa = PBXFileReference; fileEncoding = 4; lastKnownFileType = sourcecode.swift; path = AutoCompleteViewController.swift; sourceTree = "<group>"; };
		D7D473801E04644800B42BEE /* DefaultAutoCompleteCell.xib */ = {isa = PBXFileReference; fileEncoding = 4; lastKnownFileType = file.xib; path = DefaultAutoCompleteCell.xib; sourceTree = "<group>"; };
		D7D473811E04644800B42BEE /* TableViewDatasource.swift */ = {isa = PBXFileReference; fileEncoding = 4; lastKnownFileType = sourcecode.swift; path = TableViewDatasource.swift; sourceTree = "<group>"; };
		D7D473821E04644800B42BEE /* TableViewDelegate.swift */ = {isa = PBXFileReference; fileEncoding = 4; lastKnownFileType = sourcecode.swift; path = TableViewDelegate.swift; sourceTree = "<group>"; };
		D7D4738C1E04938800B42BEE /* OptionsVC.swift */ = {isa = PBXFileReference; fileEncoding = 4; lastKnownFileType = sourcecode.swift; path = OptionsVC.swift; sourceTree = "<group>"; };
		D7D5FD5F1D5FC84B00DF9A7B /* GoogleService-Info.plist */ = {isa = PBXFileReference; fileEncoding = 4; lastKnownFileType = text.plist.xml; path = "GoogleService-Info.plist"; sourceTree = "<group>"; };
/* End PBXFileReference section */

/* Begin PBXFrameworksBuildPhase section */
		D72096711D57E3C100563AFC /* Frameworks */ = {
			isa = PBXFrameworksBuildPhase;
			buildActionMask = 2147483647;
			files = (
				7B96A72488479A4B27396EB2 /* Pods_iUOB_2.framework in Frameworks */,
			);
			runOnlyForDeploymentPostprocessing = 0;
		};
		D75885731DB19160003F2C47 /* Frameworks */ = {
			isa = PBXFrameworksBuildPhase;
			buildActionMask = 2147483647;
			files = (
				D75885781DB19160003F2C47 /* NotificationCenter.framework in Frameworks */,
				77C8403DAA981834017C76EC /* Pods_My_Schedule.framework in Frameworks */,
			);
			runOnlyForDeploymentPostprocessing = 0;
		};
/* End PBXFrameworksBuildPhase section */

/* Begin PBXGroup section */
		8CD998152E87B44C9108B5CD /* Pods */ = {
			isa = PBXGroup;
			children = (
				9E1BFE963C52B468A2EE88A5 /* Pods-iUOB 2.debug.xcconfig */,
				6C212996D3F5EA0EA322700A /* Pods-iUOB 2.release.xcconfig */,
				B12E5FA83F9958CE9BF0027C /* Pods-My Schedule.debug.xcconfig */,
				030C908AF6533A51DAD56D19 /* Pods-My Schedule.release.xcconfig */,
			);
			name = Pods;
			sourceTree = "<group>";
		};
		D688A9A198A3A01CCE020E5A /* Frameworks */ = {
			isa = PBXGroup;
			children = (
				4C257CCA8BEF3DC66552150C /* Pods_iUOB_2.framework */,
				D75885771DB19160003F2C47 /* NotificationCenter.framework */,
				9CD8E2D283D636E8CE0D83F4 /* Pods_My_Schedule.framework */,
			);
			name = Frameworks;
			sourceTree = "<group>";
		};
		D71DB1B01D5A716500311999 /* Models */ = {
			isa = PBXGroup;
			children = (
				D7D473791E04644800B42BEE /* AutoComplete */,
				D71DB1AE1D5A716500311999 /* Department.swift */,
				D71DB1B31D5A8A8700311999 /* Course.swift */,
				D74B1A1D1D5DD32A00D097EF /* Section.swift */,
				D71DB1B51D5A8D4200311999 /* UOBParser.swift */,
				D7A4CC941D875CF6006EA495 /* IUOBConstants.swift */,
				D7B293421EB3BEC5006A48EF /* Config.swift */,
			);
			name = Models;
			sourceTree = "<group>";
		};
		D720966B1D57E3C100563AFC = {
			isa = PBXGroup;
			children = (
				D72096761D57E3C100563AFC /* iUOB 2 */,
				D75885791DB19160003F2C47 /* My Schedule */,
				D72096751D57E3C100563AFC /* Products */,
				8CD998152E87B44C9108B5CD /* Pods */,
				D688A9A198A3A01CCE020E5A /* Frameworks */,
			);
			sourceTree = "<group>";
		};
		D72096751D57E3C100563AFC /* Products */ = {
			isa = PBXGroup;
			children = (
				D72096741D57E3C100563AFC /* iUOB 2.app */,
				D75885761DB19160003F2C47 /* My Schedule.appex */,
			);
			name = Products;
			sourceTree = "<group>";
		};
		D72096761D57E3C100563AFC /* iUOB 2 */ = {
			isa = PBXGroup;
			children = (
				D75885871DB1A846003F2C47 /* iUOB 2.entitlements */,
				D720967B1D57E3C100563AFC /* Main.storyboard */,
				D74B1A211D5E70F800D097EF /* Views */,
				D71DB1B01D5A716500311999 /* Models */,
				D76D54751D59212C002FFA65 /* Controllers */,
				D76D54721D591CEE002FFA65 /* Navigation */,
				D76D546E1D591440002FFA65 /* Supporting Files */,
			);
			path = "iUOB 2";
			sourceTree = "<group>";
		};
		D74B1A211D5E70F800D097EF /* Views */ = {
			isa = PBXGroup;
			children = (
				D74B1A251D5E7C9B00D097EF /* TiimingCell.swift */,
				D76D1D371DAAE5CE0072FCC8 /* CourseCVCell.swift */,
				D7A9C0411DAC06940089021E /* CoursesCVHeader.swift */,
				D73154471E2C094D00080E02 /* BuilderOptionCell.swift */,
			);
			name = Views;
			sourceTree = "<group>";
		};
		D75885791DB19160003F2C47 /* My Schedule */ = {
			isa = PBXGroup;
			children = (
				D75885881DB1A890003F2C47 /* My Schedule.entitlements */,
				D758857A1DB19160003F2C47 /* TodayViewController.swift */,
				D758857C1DB19160003F2C47 /* MainInterface.storyboard */,
				D758857F1DB19160003F2C47 /* Info.plist */,
			);
			path = "My Schedule";
			sourceTree = "<group>";
		};
		D76D546E1D591440002FFA65 /* Supporting Files */ = {
			isa = PBXGroup;
			children = (
				D72096771D57E3C100563AFC /* AppDelegate.swift */,
				D7D5FD5F1D5FC84B00DF9A7B /* GoogleService-Info.plist */,
				D720967E1D57E3C100563AFC /* Assets.xcassets */,
				D72096801D57E3C100563AFC /* LaunchScreen.storyboard */,
				D72096831D57E3C100563AFC /* Info.plist */,
				D76D54691D5907D1002FFA65 /* iUOB 2-Bridging-Header.h */,
				D70D15AD1D899D7B00425B17 /* UOBLocations.plist */,
			);
			name = "Supporting Files";
			sourceTree = "<group>";
		};
		D76D54721D591CEE002FFA65 /* Navigation */ = {
			isa = PBXGroup;
			children = (
				D76D54701D591CEA002FFA65 /* CustomSideMenuController.swift */,
				D76D54761D592288002FFA65 /* MenuController.swift */,
			);
			name = Navigation;
			sourceTree = "<group>";
		};
		D76D54751D59212C002FFA65 /* Controllers */ = {
			isa = PBXGroup;
			children = (
				D7C624151E030F2A005A33FE /* Schedule Builder */,
				D76D54731D592125002FFA65 /* DepartmentsVC.swift */,
				D71DB1B11D5A87B400311999 /* CoursesVC.swift */,
				D708F1401D5BE37F00C6E7B3 /* TimingVC.swift */,
				D74920451D6008CF00B2B14D /* UOBAutoVC.swift */,
				D7A4CC961D8769E8006EA495 /* MapVC.swift */,
				D7A4CC9A1D876A32006EA495 /* UsefulLinksVC.swift */,
				D70162C41D88AF7D0005CBB3 /* AboutVC.swift */,
				D764C0CC1D99B4E6008B8C38 /* MyScheduleVC.swift */,
				D764C0CE1D99B504008B8C38 /* AddCoursesVC.swift */,
			);
			name = Controllers;
			sourceTree = "<group>";
		};
		D7C624151E030F2A005A33FE /* Schedule Builder */ = {
			isa = PBXGroup;
			children = (
				D7A4CC921D87568C006EA495 /* ScheduleBuilderVC.swift */,
				D7D4738C1E04938800B42BEE /* OptionsVC.swift */,
				D79821741E07241400036B6F /* SectionsFilterVC.swift */,
				D79821761E07474100036B6F /* SummaryVC.swift */,
				D73154431E2BF5E100080E02 /* OptionsListVC.swift */,
				D73154491E2C225900080E02 /* BuilderTimeTableVC.swift */,
				D7B892121E2D5B560085E10D /* ScheduleDetailsVC.swift */,
			);
			name = "Schedule Builder";
			path = "Controllers/Schedule Builder";
			sourceTree = "<group>";
		};
		D7D473791E04644800B42BEE /* AutoComplete */ = {
			isa = PBXGroup;
			children = (
				D7D4737A1E04644800B42BEE /* Autocomplete.storyboard */,
				D7D4737B1E04644800B42BEE /* Autocomplete.swift */,
				D7D4737C1E04644800B42BEE /* AutoCompleteCell.swift */,
				D7D4737D1E04644800B42BEE /* AutocompleteCellData.swift */,
				D7D4737E1E04644800B42BEE /* AutocompleteDelegate.swift */,
				D7D4737F1E04644800B42BEE /* AutoCompleteViewController.swift */,
				D7D473801E04644800B42BEE /* DefaultAutoCompleteCell.xib */,
				D7D473811E04644800B42BEE /* TableViewDatasource.swift */,
				D7D473821E04644800B42BEE /* TableViewDelegate.swift */,
			);
			path = AutoComplete;
			sourceTree = "<group>";
		};
/* End PBXGroup section */

/* Begin PBXNativeTarget section */
		D72096731D57E3C100563AFC /* iUOB 2 */ = {
			isa = PBXNativeTarget;
			buildConfigurationList = D72096861D57E3C100563AFC /* Build configuration list for PBXNativeTarget "iUOB 2" */;
			buildPhases = (
				5BF8E41D24001730FB06B070 /* [CP] Check Pods Manifest.lock */,
				D72096701D57E3C100563AFC /* Sources */,
				D72096711D57E3C100563AFC /* Frameworks */,
				D72096721D57E3C100563AFC /* Resources */,
				25CF386DD7B3D15C64FD1551 /* [CP] Embed Pods Frameworks */,
				533103884339492D59199A50 /* [CP] Copy Pods Resources */,
				D75885861DB19160003F2C47 /* Embed App Extensions */,
			);
			buildRules = (
			);
			dependencies = (
				D75885811DB19160003F2C47 /* PBXTargetDependency */,
			);
			name = "iUOB 2";
			productName = "iUOB 2";
			productReference = D72096741D57E3C100563AFC /* iUOB 2.app */;
			productType = "com.apple.product-type.application";
		};
		D75885751DB19160003F2C47 /* My Schedule */ = {
			isa = PBXNativeTarget;
			buildConfigurationList = D75885851DB19160003F2C47 /* Build configuration list for PBXNativeTarget "My Schedule" */;
			buildPhases = (
				8C871FC2456E63C231C92639 /* [CP] Check Pods Manifest.lock */,
				D75885721DB19160003F2C47 /* Sources */,
				D75885731DB19160003F2C47 /* Frameworks */,
				D75885741DB19160003F2C47 /* Resources */,
				D786AED5E3F88C0BC512318C /* [CP] Copy Pods Resources */,
			);
			buildRules = (
			);
			dependencies = (
			);
			name = "My Schedule";
			productName = "My Schedule";
			productReference = D75885761DB19160003F2C47 /* My Schedule.appex */;
			productType = "com.apple.product-type.app-extension";
		};
/* End PBXNativeTarget section */

/* Begin PBXProject section */
		D720966C1D57E3C100563AFC /* Project object */ = {
			isa = PBXProject;
			attributes = {
				LastSwiftUpdateCheck = 0800;
				LastUpgradeCheck = 0820;
				ORGANIZATIONNAME = "Miqdad Altaitoon";
				TargetAttributes = {
					D72096731D57E3C100563AFC = {
						CreatedOnToolsVersion = 7.3;
						DevelopmentTeam = QTFR78KFVF;
						LastSwiftMigration = 0800;
						SystemCapabilities = {
							com.apple.ApplicationGroups.iOS = {
								enabled = 1;
							};
							com.apple.Push = {
								enabled = 1;
							};
						};
					};
					D75885751DB19160003F2C47 = {
						CreatedOnToolsVersion = 8.0;
						DevelopmentTeam = QTFR78KFVF;
						ProvisioningStyle = Manual;
						SystemCapabilities = {
							com.apple.ApplicationGroups.iOS = {
								enabled = 1;
							};
						};
					};
				};
			};
			buildConfigurationList = D720966F1D57E3C100563AFC /* Build configuration list for PBXProject "iUOB 2" */;
			compatibilityVersion = "Xcode 3.2";
			developmentRegion = English;
			hasScannedForEncodings = 0;
			knownRegions = (
				en,
				Base,
			);
			mainGroup = D720966B1D57E3C100563AFC;
			productRefGroup = D72096751D57E3C100563AFC /* Products */;
			projectDirPath = "";
			projectRoot = "";
			targets = (
				D72096731D57E3C100563AFC /* iUOB 2 */,
				D75885751DB19160003F2C47 /* My Schedule */,
			);
		};
/* End PBXProject section */

/* Begin PBXResourcesBuildPhase section */
		D72096721D57E3C100563AFC /* Resources */ = {
			isa = PBXResourcesBuildPhase;
			buildActionMask = 2147483647;
			files = (
				D72096821D57E3C100563AFC /* LaunchScreen.storyboard in Resources */,
				D7D5FD601D5FC84B00DF9A7B /* GoogleService-Info.plist in Resources */,
				D7D473831E04644800B42BEE /* Autocomplete.storyboard in Resources */,
				D720967F1D57E3C100563AFC /* Assets.xcassets in Resources */,
				D7D473891E04644800B42BEE /* DefaultAutoCompleteCell.xib in Resources */,
				D720967D1D57E3C100563AFC /* Main.storyboard in Resources */,
				D70D15AE1D899D7B00425B17 /* UOBLocations.plist in Resources */,
			);
			runOnlyForDeploymentPostprocessing = 0;
		};
		D75885741DB19160003F2C47 /* Resources */ = {
			isa = PBXResourcesBuildPhase;
			buildActionMask = 2147483647;
			files = (
				D758857E1DB19160003F2C47 /* MainInterface.storyboard in Resources */,
			);
			runOnlyForDeploymentPostprocessing = 0;
		};
/* End PBXResourcesBuildPhase section */

/* Begin PBXShellScriptBuildPhase section */
		25CF386DD7B3D15C64FD1551 /* [CP] Embed Pods Frameworks */ = {
			isa = PBXShellScriptBuildPhase;
			buildActionMask = 2147483647;
			files = (
			);
			inputPaths = (
			);
			name = "[CP] Embed Pods Frameworks";
			outputPaths = (
			);
			runOnlyForDeploymentPostprocessing = 0;
			shellPath = /bin/sh;
			shellScript = "\"${SRCROOT}/Pods/Target Support Files/Pods-iUOB 2/Pods-iUOB 2-frameworks.sh\"\n";
			showEnvVarsInLog = 0;
		};
		533103884339492D59199A50 /* [CP] Copy Pods Resources */ = {
			isa = PBXShellScriptBuildPhase;
			buildActionMask = 2147483647;
			files = (
			);
			inputPaths = (
			);
			name = "[CP] Copy Pods Resources";
			outputPaths = (
			);
			runOnlyForDeploymentPostprocessing = 0;
			shellPath = /bin/sh;
			shellScript = "\"${SRCROOT}/Pods/Target Support Files/Pods-iUOB 2/Pods-iUOB 2-resources.sh\"\n";
			showEnvVarsInLog = 0;
		};
		5BF8E41D24001730FB06B070 /* [CP] Check Pods Manifest.lock */ = {
			isa = PBXShellScriptBuildPhase;
			buildActionMask = 2147483647;
			files = (
			);
			inputPaths = (
			);
			name = "[CP] Check Pods Manifest.lock";
			outputPaths = (
			);
			runOnlyForDeploymentPostprocessing = 0;
			shellPath = /bin/sh;
			shellScript = "diff \"${PODS_ROOT}/../Podfile.lock\" \"${PODS_ROOT}/Manifest.lock\" > /dev/null\nif [ $? != 0 ] ; then\n    # print error to STDERR\n    echo \"error: The sandbox is not in sync with the Podfile.lock. Run 'pod install' or update your CocoaPods installation.\" >&2\n    exit 1\nfi\n";
			showEnvVarsInLog = 0;
		};
		8C871FC2456E63C231C92639 /* [CP] Check Pods Manifest.lock */ = {
			isa = PBXShellScriptBuildPhase;
			buildActionMask = 2147483647;
			files = (
			);
			inputPaths = (
			);
			name = "[CP] Check Pods Manifest.lock";
			outputPaths = (
			);
			runOnlyForDeploymentPostprocessing = 0;
			shellPath = /bin/sh;
			shellScript = "diff \"${PODS_ROOT}/../Podfile.lock\" \"${PODS_ROOT}/Manifest.lock\" > /dev/null\nif [ $? != 0 ] ; then\n    # print error to STDERR\n    echo \"error: The sandbox is not in sync with the Podfile.lock. Run 'pod install' or update your CocoaPods installation.\" >&2\n    exit 1\nfi\n";
			showEnvVarsInLog = 0;
		};
		D786AED5E3F88C0BC512318C /* [CP] Copy Pods Resources */ = {
			isa = PBXShellScriptBuildPhase;
			buildActionMask = 2147483647;
			files = (
			);
			inputPaths = (
			);
			name = "[CP] Copy Pods Resources";
			outputPaths = (
			);
			runOnlyForDeploymentPostprocessing = 0;
			shellPath = /bin/sh;
			shellScript = "\"${SRCROOT}/Pods/Target Support Files/Pods-My Schedule/Pods-My Schedule-resources.sh\"\n";
			showEnvVarsInLog = 0;
		};
/* End PBXShellScriptBuildPhase section */

/* Begin PBXSourcesBuildPhase section */
		D72096701D57E3C100563AFC /* Sources */ = {
			isa = PBXSourcesBuildPhase;
			buildActionMask = 2147483647;
			files = (
				D79821751E07241400036B6F /* SectionsFilterVC.swift in Sources */,
				D7D4738B1E04644800B42BEE /* TableViewDelegate.swift in Sources */,
				D7A9C0421DAC06940089021E /* CoursesCVHeader.swift in Sources */,
				D76D54771D592288002FFA65 /* MenuController.swift in Sources */,
				D7D4738D1E04938800B42BEE /* OptionsVC.swift in Sources */,
				D71DB1B41D5A8A8700311999 /* Course.swift in Sources */,
				D731544A1E2C225900080E02 /* BuilderTimeTableVC.swift in Sources */,
				D76D54711D591CEA002FFA65 /* CustomSideMenuController.swift in Sources */,
				D74B1A261D5E7C9B00D097EF /* TiimingCell.swift in Sources */,
				D73154481E2C094D00080E02 /* BuilderOptionCell.swift in Sources */,
				D7D473841E04644800B42BEE /* Autocomplete.swift in Sources */,
				D71DB1AF1D5A716500311999 /* Department.swift in Sources */,
				D76D54741D592125002FFA65 /* DepartmentsVC.swift in Sources */,
				D7D473871E04644800B42BEE /* AutocompleteDelegate.swift in Sources */,
				D74B1A1E1D5DD32A00D097EF /* Section.swift in Sources */,
				D7D473861E04644800B42BEE /* AutocompleteCellData.swift in Sources */,
				D7D4738A1E04644800B42BEE /* TableViewDatasource.swift in Sources */,
				D7B892131E2D5B560085E10D /* ScheduleDetailsVC.swift in Sources */,
				D73154441E2BF5E100080E02 /* OptionsListVC.swift in Sources */,
				D76D1D381DAAE5CE0072FCC8 /* CourseCVCell.swift in Sources */,
				D7D473881E04644800B42BEE /* AutoCompleteViewController.swift in Sources */,
				D71DB1B61D5A8D4200311999 /* UOBParser.swift in Sources */,
				D7A4CC951D875CF6006EA495 /* IUOBConstants.swift in Sources */,
				D7D473851E04644800B42BEE /* AutoCompleteCell.swift in Sources */,
				D764C0CD1D99B4E6008B8C38 /* MyScheduleVC.swift in Sources */,
				D79821771E07474100036B6F /* SummaryVC.swift in Sources */,
				D72096781D57E3C100563AFC /* AppDelegate.swift in Sources */,
				D7A4CC971D8769E8006EA495 /* MapVC.swift in Sources */,
				D708F1411D5BE37F00C6E7B3 /* TimingVC.swift in Sources */,
				D7B293431EB3BEC5006A48EF /* Config.swift in Sources */,
				D7A4CC9B1D876A32006EA495 /* UsefulLinksVC.swift in Sources */,
				D70162C51D88AF7D0005CBB3 /* AboutVC.swift in Sources */,
				D74920461D6008CF00B2B14D /* UOBAutoVC.swift in Sources */,
				D7A4CC931D87568C006EA495 /* ScheduleBuilderVC.swift in Sources */,
				D764C0CF1D99B504008B8C38 /* AddCoursesVC.swift in Sources */,
				D71DB1B21D5A87B400311999 /* CoursesVC.swift in Sources */,
			);
			runOnlyForDeploymentPostprocessing = 0;
		};
		D75885721DB19160003F2C47 /* Sources */ = {
			isa = PBXSourcesBuildPhase;
			buildActionMask = 2147483647;
			files = (
				D758858F1DB1B554003F2C47 /* Course.swift in Sources */,
				D758858A1DB1B0AB003F2C47 /* Section.swift in Sources */,
				D758858D1DB1B44B003F2C47 /* UOBParser.swift in Sources */,
				D758858E1DB1B550003F2C47 /* Department.swift in Sources */,
				D75885891DB1AD40003F2C47 /* IUOBConstants.swift in Sources */,
				D758857B1DB19160003F2C47 /* TodayViewController.swift in Sources */,
			);
			runOnlyForDeploymentPostprocessing = 0;
		};
/* End PBXSourcesBuildPhase section */

/* Begin PBXTargetDependency section */
		D75885811DB19160003F2C47 /* PBXTargetDependency */ = {
			isa = PBXTargetDependency;
			target = D75885751DB19160003F2C47 /* My Schedule */;
			targetProxy = D75885801DB19160003F2C47 /* PBXContainerItemProxy */;
		};
/* End PBXTargetDependency section */

/* Begin PBXVariantGroup section */
		D720967B1D57E3C100563AFC /* Main.storyboard */ = {
			isa = PBXVariantGroup;
			children = (
				D720967C1D57E3C100563AFC /* Base */,
			);
			name = Main.storyboard;
			sourceTree = "<group>";
		};
		D72096801D57E3C100563AFC /* LaunchScreen.storyboard */ = {
			isa = PBXVariantGroup;
			children = (
				D72096811D57E3C100563AFC /* Base */,
			);
			name = LaunchScreen.storyboard;
			sourceTree = "<group>";
		};
		D758857C1DB19160003F2C47 /* MainInterface.storyboard */ = {
			isa = PBXVariantGroup;
			children = (
				D758857D1DB19160003F2C47 /* Base */,
			);
			name = MainInterface.storyboard;
			sourceTree = "<group>";
		};
/* End PBXVariantGroup section */

/* Begin XCBuildConfiguration section */
		D72096841D57E3C100563AFC /* Debug */ = {
			isa = XCBuildConfiguration;
			buildSettings = {
				ALWAYS_SEARCH_USER_PATHS = NO;
				CLANG_ANALYZER_NONNULL = YES;
				CLANG_CXX_LANGUAGE_STANDARD = "gnu++0x";
				CLANG_CXX_LIBRARY = "libc++";
				CLANG_ENABLE_MODULES = YES;
				CLANG_ENABLE_OBJC_ARC = YES;
				CLANG_WARN_BOOL_CONVERSION = YES;
				CLANG_WARN_CONSTANT_CONVERSION = YES;
				CLANG_WARN_DIRECT_OBJC_ISA_USAGE = YES_ERROR;
				CLANG_WARN_EMPTY_BODY = YES;
				CLANG_WARN_ENUM_CONVERSION = YES;
				CLANG_WARN_INFINITE_RECURSION = YES;
				CLANG_WARN_INT_CONVERSION = YES;
				CLANG_WARN_OBJC_ROOT_CLASS = YES_ERROR;
				CLANG_WARN_SUSPICIOUS_MOVE = YES;
				CLANG_WARN_UNREACHABLE_CODE = YES;
				CLANG_WARN__DUPLICATE_METHOD_MATCH = YES;
				"CODE_SIGN_IDENTITY[sdk=iphoneos*]" = "iPhone Developer";
				COPY_PHASE_STRIP = NO;
				DEBUG_INFORMATION_FORMAT = dwarf;
				ENABLE_STRICT_OBJC_MSGSEND = YES;
				ENABLE_TESTABILITY = YES;
				GCC_C_LANGUAGE_STANDARD = gnu99;
				GCC_DYNAMIC_NO_PIC = NO;
				GCC_NO_COMMON_BLOCKS = YES;
				GCC_OPTIMIZATION_LEVEL = 0;
				GCC_PREPROCESSOR_DEFINITIONS = (
					"DEBUG=1",
					"$(inherited)",
				);
				GCC_WARN_64_TO_32_BIT_CONVERSION = YES;
				GCC_WARN_ABOUT_RETURN_TYPE = YES_ERROR;
				GCC_WARN_UNDECLARED_SELECTOR = YES;
				GCC_WARN_UNINITIALIZED_AUTOS = YES_AGGRESSIVE;
				GCC_WARN_UNUSED_FUNCTION = YES;
				GCC_WARN_UNUSED_VARIABLE = YES;
				IPHONEOS_DEPLOYMENT_TARGET = 9.3;
				MTL_ENABLE_DEBUG_INFO = YES;
				ONLY_ACTIVE_ARCH = YES;
				SDKROOT = iphoneos;
				SWIFT_OPTIMIZATION_LEVEL = "-Onone";
				TARGETED_DEVICE_FAMILY = "1,2";
			};
			name = Debug;
		};
		D72096851D57E3C100563AFC /* Release */ = {
			isa = XCBuildConfiguration;
			buildSettings = {
				ALWAYS_SEARCH_USER_PATHS = NO;
				CLANG_ANALYZER_NONNULL = YES;
				CLANG_CXX_LANGUAGE_STANDARD = "gnu++0x";
				CLANG_CXX_LIBRARY = "libc++";
				CLANG_ENABLE_MODULES = YES;
				CLANG_ENABLE_OBJC_ARC = YES;
				CLANG_WARN_BOOL_CONVERSION = YES;
				CLANG_WARN_CONSTANT_CONVERSION = YES;
				CLANG_WARN_DIRECT_OBJC_ISA_USAGE = YES_ERROR;
				CLANG_WARN_EMPTY_BODY = YES;
				CLANG_WARN_ENUM_CONVERSION = YES;
				CLANG_WARN_INFINITE_RECURSION = YES;
				CLANG_WARN_INT_CONVERSION = YES;
				CLANG_WARN_OBJC_ROOT_CLASS = YES_ERROR;
				CLANG_WARN_SUSPICIOUS_MOVE = YES;
				CLANG_WARN_UNREACHABLE_CODE = YES;
				CLANG_WARN__DUPLICATE_METHOD_MATCH = YES;
				"CODE_SIGN_IDENTITY[sdk=iphoneos*]" = "iPhone Developer";
				COPY_PHASE_STRIP = NO;
				DEBUG_INFORMATION_FORMAT = "dwarf-with-dsym";
				ENABLE_NS_ASSERTIONS = NO;
				ENABLE_STRICT_OBJC_MSGSEND = YES;
				GCC_C_LANGUAGE_STANDARD = gnu99;
				GCC_NO_COMMON_BLOCKS = YES;
				GCC_WARN_64_TO_32_BIT_CONVERSION = YES;
				GCC_WARN_ABOUT_RETURN_TYPE = YES_ERROR;
				GCC_WARN_UNDECLARED_SELECTOR = YES;
				GCC_WARN_UNINITIALIZED_AUTOS = YES_AGGRESSIVE;
				GCC_WARN_UNUSED_FUNCTION = YES;
				GCC_WARN_UNUSED_VARIABLE = YES;
				IPHONEOS_DEPLOYMENT_TARGET = 9.3;
				MTL_ENABLE_DEBUG_INFO = NO;
				SDKROOT = iphoneos;
				SWIFT_OPTIMIZATION_LEVEL = "-Owholemodule";
				TARGETED_DEVICE_FAMILY = "1,2";
				VALIDATE_PRODUCT = YES;
			};
			name = Release;
		};
		D72096871D57E3C100563AFC /* Debug */ = {
			isa = XCBuildConfiguration;
			baseConfigurationReference = 9E1BFE963C52B468A2EE88A5 /* Pods-iUOB 2.debug.xcconfig */;
			buildSettings = {
				ALWAYS_EMBED_SWIFT_STANDARD_LIBRARIES = YES;
				ASSETCATALOG_COMPILER_APPICON_NAME = AppIcon;
				CLANG_ENABLE_MODULES = YES;
				CODE_SIGN_ENTITLEMENTS = "iUOB 2/iUOB 2.entitlements";
				CODE_SIGN_IDENTITY = "iPhone Developer";
				"CODE_SIGN_IDENTITY[sdk=iphoneos*]" = "iPhone Developer";
				DEVELOPMENT_TEAM = QTFR78KFVF;
				INFOPLIST_FILE = "iUOB 2/Info.plist";
				IPHONEOS_DEPLOYMENT_TARGET = 9.0;
				LD_RUNPATH_SEARCH_PATHS = "$(inherited) @executable_path/Frameworks";
				PRODUCT_BUNDLE_IDENTIFIER = "com.muqdd.iUOB-2";
				PRODUCT_NAME = "$(TARGET_NAME)";
				PROVISIONING_PROFILE = "6f18d5d9-cdc3-414f-bdd6-48e04706f4bc";
				PROVISIONING_PROFILE_SPECIFIER = "iUOB 2 Dev Profile";
				SWIFT_OBJC_BRIDGING_HEADER = "iUOB 2/iUOB 2-Bridging-Header.h";
				SWIFT_OPTIMIZATION_LEVEL = "-Onone";
				SWIFT_VERSION = 3.0;
			};
			name = Debug;
		};
		D72096881D57E3C100563AFC /* Release */ = {
			isa = XCBuildConfiguration;
			baseConfigurationReference = 6C212996D3F5EA0EA322700A /* Pods-iUOB 2.release.xcconfig */;
			buildSettings = {
				ALWAYS_EMBED_SWIFT_STANDARD_LIBRARIES = YES;
				ASSETCATALOG_COMPILER_APPICON_NAME = AppIcon;
				CLANG_ENABLE_MODULES = YES;
				CODE_SIGN_ENTITLEMENTS = "iUOB 2/iUOB 2.entitlements";
				CODE_SIGN_IDENTITY = "iPhone Developer";
				"CODE_SIGN_IDENTITY[sdk=iphoneos*]" = "iPhone Distribution";
				DEVELOPMENT_TEAM = QTFR78KFVF;
				INFOPLIST_FILE = "iUOB 2/Info.plist";
				IPHONEOS_DEPLOYMENT_TARGET = 9.0;
				LD_RUNPATH_SEARCH_PATHS = "$(inherited) @executable_path/Frameworks";
				PRODUCT_BUNDLE_IDENTIFIER = "com.muqdd.iUOB-2";
				PRODUCT_NAME = "$(TARGET_NAME)";
				PROVISIONING_PROFILE = "8a379d66-fa08-4f06-b994-2d8b324b7f94";
				PROVISIONING_PROFILE_SPECIFIER = "iUOB 2 Pro Profile";
				SWIFT_OBJC_BRIDGING_HEADER = "iUOB 2/iUOB 2-Bridging-Header.h";
				SWIFT_VERSION = 3.0;
			};
			name = Release;
		};
		D75885831DB19160003F2C47 /* Debug */ = {
			isa = XCBuildConfiguration;
			baseConfigurationReference = B12E5FA83F9958CE9BF0027C /* Pods-My Schedule.debug.xcconfig */;
			buildSettings = {
				CLANG_WARN_DOCUMENTATION_COMMENTS = YES;
				CLANG_WARN_INFINITE_RECURSION = YES;
				CLANG_WARN_SUSPICIOUS_MOVES = YES;
				CODE_SIGN_ENTITLEMENTS = "My Schedule/My Schedule.entitlements";
				CODE_SIGN_IDENTITY = "iPhone Developer";
				"CODE_SIGN_IDENTITY[sdk=iphoneos*]" = "iPhone Developer";
				DEVELOPMENT_TEAM = QTFR78KFVF;
				INFOPLIST_FILE = "My Schedule/Info.plist";
				IPHONEOS_DEPLOYMENT_TARGET = 10.0;
				LD_RUNPATH_SEARCH_PATHS = "$(inherited) @executable_path/Frameworks @executable_path/../../Frameworks";
				PRODUCT_BUNDLE_IDENTIFIER = "com.muqdd.iUOB-2.My-Schedule";
				PRODUCT_NAME = "$(TARGET_NAME)";
				PROVISIONING_PROFILE = "3f5fa999-a5c0-450d-ab47-9c88555537ab";
				PROVISIONING_PROFILE_SPECIFIER = "My Schedule Ext Dev Profile";
				SKIP_INSTALL = YES;
				SWIFT_ACTIVE_COMPILATION_CONDITIONS = DEBUG;
				SWIFT_VERSION = 3.0;
			};
			name = Debug;
		};
		D75885841DB19160003F2C47 /* Release */ = {
			isa = XCBuildConfiguration;
			baseConfigurationReference = 030C908AF6533A51DAD56D19 /* Pods-My Schedule.release.xcconfig */;
			buildSettings = {
				CLANG_WARN_DOCUMENTATION_COMMENTS = YES;
				CLANG_WARN_INFINITE_RECURSION = YES;
				CLANG_WARN_SUSPICIOUS_MOVES = YES;
				CODE_SIGN_ENTITLEMENTS = "My Schedule/My Schedule.entitlements";
				CODE_SIGN_IDENTITY = "iPhone Distribution: Miqdad Altaitoon (QTFR78KFVF)";
				"CODE_SIGN_IDENTITY[sdk=iphoneos*]" = "iPhone Distribution: Miqdad Altaitoon (QTFR78KFVF)";
				DEVELOPMENT_TEAM = QTFR78KFVF;
				INFOPLIST_FILE = "My Schedule/Info.plist";
				IPHONEOS_DEPLOYMENT_TARGET = 10.0;
				LD_RUNPATH_SEARCH_PATHS = "$(inherited) @executable_path/Frameworks @executable_path/../../Frameworks";
				PRODUCT_BUNDLE_IDENTIFIER = "com.muqdd.iUOB-2.My-Schedule";
				PRODUCT_NAME = "$(TARGET_NAME)";
				PROVISIONING_PROFILE = "627929c8-f97f-45f3-800b-383b105f51e1";
				PROVISIONING_PROFILE_SPECIFIER = "My Schedule Ext Pro Profile";
				SKIP_INSTALL = YES;
				SWIFT_OPTIMIZATION_LEVEL = "-Owholemodule";
				SWIFT_VERSION = 3.0;
			};
			name = Release;
		};
/* End XCBuildConfiguration section */

/* Begin XCConfigurationList section */
		D720966F1D57E3C100563AFC /* Build configuration list for PBXProject "iUOB 2" */ = {
			isa = XCConfigurationList;
			buildConfigurations = (
				D72096841D57E3C100563AFC /* Debug */,
				D72096851D57E3C100563AFC /* Release */,
			);
			defaultConfigurationIsVisible = 0;
			defaultConfigurationName = Release;
		};
		D72096861D57E3C100563AFC /* Build configuration list for PBXNativeTarget "iUOB 2" */ = {
			isa = XCConfigurationList;
			buildConfigurations = (
				D72096871D57E3C100563AFC /* Debug */,
				D72096881D57E3C100563AFC /* Release */,
			);
			defaultConfigurationIsVisible = 0;
			defaultConfigurationName = Release;
		};
		D75885851DB19160003F2C47 /* Build configuration list for PBXNativeTarget "My Schedule" */ = {
			isa = XCConfigurationList;
			buildConfigurations = (
				D75885831DB19160003F2C47 /* Debug */,
				D75885841DB19160003F2C47 /* Release */,
			);
			defaultConfigurationIsVisible = 0;
			defaultConfigurationName = Release;
		};
/* End XCConfigurationList section */
	};
	rootObject = D720966C1D57E3C100563AFC /* Project object */;
}
